
Microsoft Visual Studio Solution File, Format Version 12.00
# Visual Studio 2017
Project("{FAE04EC0-301F-11D3-BF4B-00C04F79EFBC}") = "MJClient", "MJClient.csproj", "{1E03CCF3-9B0F-3874-302C-C5C0F43A9C6D}"
EndProject
Project("{FAE04EC0-301F-11D3-BF4B-00C04F79EFBC}") = "MJClient.Editor", "MJClient.Editor.csproj", "{913B407F-69FF-E5FC-C741-2EADDA9D46D5}"
EndProject
Global
	GlobalSection(SolutionConfigurationPlatforms) = preSolution
		Debug|Any CPU = Debug|Any CPU
		Release|Any CPU = Release|Any CPU
	EndGlobalSection
	GlobalSection(ProjectConfigurationPlatforms) = postSolution
		{1E03CCF3-9B0F-3874-302C-C5C0F43A9C6D}.Debug|Any CPU.ActiveCfg = Debug|Any CPU
		{1E03CCF3-9B0F-3874-302C-C5C0F43A9C6D}.Debug|Any CPU.Build.0 = Debug|Any CPU
		{1E03CCF3-9B0F-3874-302C-C5C0F43A9C6D}.Release|Any CPU.ActiveCfg = Release|Any CPU
		{1E03CCF3-9B0F-3874-302C-C5C0F43A9C6D}.Release|Any CPU.Build.0 = Release|Any CPU
		{913B407F-69FF-E5FC-C741-2EADDA9D46D5}.Debug|Any CPU.ActiveCfg = Debug|Any CPU
		{913B407F-69FF-E5FC-C741-2EADDA9D46D5}.Debug|Any CPU.Build.0 = Debug|Any CPU
		{913B407F-69FF-E5FC-C741-2EADDA9D46D5}.Release|Any CPU.ActiveCfg = Release|Any CPU
		{913B407F-69FF-E5FC-C741-2EADDA9D46D5}.Release|Any CPU.Build.0 = Release|Any CPU
	EndGlobalSection
	GlobalSection(SolutionProperties) = preSolution
		HideSolutionNode = FALSE
	EndGlobalSection
EndGlobal
